{
  "version": 4,
  "terraform_version": "1.0.4",
  "serial": 100,
  "lineage": "49eaabc7-c926-5521-bc0f-e59b74cd0018",
  "outputs": {},
  "resources": [
    {
      "mode": "data",
      "type": "template_file",
      "name": "startup",
      "provider": "provider[\"registry.terraform.io/hashicorp/template\"]",
      "instances": [
        {
          "schema_version": 0,
          "attributes": {
            "filename": null,
            "id": "df20e0aac18be7ebf3dff2f10d6f4fb6b459895d7ee562dba9f39dca5693ff44",
            "rendered": "#! /bin/bash\n\nsudo apt update -y\nsudo apt upgrade -y\nsnap install google-cloud-sdk --classic -y\nsudo apt install unzip -y\ncurl -O https://releases.hashicorp.com/terraform/1.0.4/terraform_1.0.4_linux_amd64.zip\nunzip terraform_1.0.4_linux_amd64.zip\nsudo mv terraform /usr/local/bin/\ncurl -LO \"https://dl.k8s.io/release/$(curl -L -s https://dl.k8s.io/release/stable.txt)/bin/linux/amd64/kubectl\"\ncurl -LO \"https://dl.k8s.io/$(curl -L -s https://dl.k8s.io/release/stable.txt)/bin/linux/amd64/kubectl.sha256\"\necho \"$(\u003ckubectl.sha256) kubectl\" | sha256sum --check\nsudo install -o root -g root -m 0755 kubectl /usr/local/bin/kubectl\ngcloud container clusters get-credentials devops-telkomsel-3 --zone australia-southeast2-a --project purwadhika-devops-kelas1\nsudo cat ~/.kube/config\n",
            "template": "#! /bin/bash\n\nsudo apt update -y\nsudo apt upgrade -y\nsnap install google-cloud-sdk --classic -y\nsudo apt install unzip -y\ncurl -O https://releases.hashicorp.com/terraform/1.0.4/terraform_1.0.4_linux_amd64.zip\nunzip terraform_1.0.4_linux_amd64.zip\nsudo mv terraform /usr/local/bin/\ncurl -LO \"https://dl.k8s.io/release/$(curl -L -s https://dl.k8s.io/release/stable.txt)/bin/linux/amd64/kubectl\"\ncurl -LO \"https://dl.k8s.io/$(curl -L -s https://dl.k8s.io/release/stable.txt)/bin/linux/amd64/kubectl.sha256\"\necho \"$(\u003ckubectl.sha256) kubectl\" | sha256sum --check\nsudo install -o root -g root -m 0755 kubectl /usr/local/bin/kubectl\ngcloud container clusters get-credentials devops-telkomsel-3 --zone australia-southeast2-a --project purwadhika-devops-kelas1\nsudo cat ~/.kube/config\n",
            "vars": null
          },
          "sensitive_attributes": []
        }
      ]
    },
    {
      "module": "module.compute_engine",
      "mode": "managed",
      "type": "google_compute_instance",
      "name": "instance",
      "provider": "provider[\"registry.terraform.io/hashicorp/google\"]",
      "instances": [
        {
          "schema_version": 6,
          "attributes": {
            "advanced_machine_features": [],
            "allow_stopping_for_update": true,
            "attached_disk": [],
            "boot_disk": [
              {
                "auto_delete": true,
                "device_name": "persistent-disk-0",
                "disk_encryption_key_raw": "",
                "disk_encryption_key_sha256": "",
                "initialize_params": [
                  {
                    "image": "https://www.googleapis.com/compute/v1/projects/ubuntu-os-cloud/global/images/ubuntu-minimal-2004-focal-v20210720",
                    "labels": {},
                    "size": 10,
                    "type": "pd-standard"
                  }
                ],
                "kms_key_self_link": "",
                "mode": "READ_WRITE",
                "source": "https://www.googleapis.com/compute/v1/projects/purwadhika-devops-kelas1/zones/australia-southeast2-a/disks/group3-runner"
              }
            ],
            "can_ip_forward": false,
            "confidential_instance_config": [],
            "cpu_platform": "Intel Broadwell",
            "current_status": "RUNNING",
            "deletion_protection": false,
            "description": "",
            "desired_status": null,
            "enable_display": false,
            "guest_accelerator": [],
            "hostname": "",
            "id": "projects/purwadhika-devops-kelas1/zones/australia-southeast2-a/instances/group3-runner",
            "instance_id": "5675323393914268017",
            "label_fingerprint": "42WmSpB8rSM=",
            "labels": null,
            "machine_type": "e2-medium",
            "metadata": null,
            "metadata_fingerprint": "kwqo9kOilX0=",
            "metadata_startup_script": "#! /bin/bash\n\nsudo apt update -y\nsudo apt upgrade -y\nsnap install google-cloud-sdk --classic -y\nsudo apt install unzip -y\ncurl -O https://releases.hashicorp.com/terraform/1.0.4/terraform_1.0.4_linux_amd64.zip\nunzip terraform_1.0.4_linux_amd64.zip\nsudo mv terraform /usr/local/bin/\ncurl -LO \"https://dl.k8s.io/release/$(curl -L -s https://dl.k8s.io/release/stable.txt)/bin/linux/amd64/kubectl\"\ncurl -LO \"https://dl.k8s.io/$(curl -L -s https://dl.k8s.io/release/stable.txt)/bin/linux/amd64/kubectl.sha256\"\necho \"$(\u003ckubectl.sha256) kubectl\" | sha256sum --check\nsudo install -o root -g root -m 0755 kubectl /usr/local/bin/kubectl\ngcloud container clusters get-credentials devops-telkomsel-3 --zone australia-southeast2-a --project purwadhika-devops-kelas1\nsudo cat ~/.kube/config\n",
            "min_cpu_platform": "",
            "name": "group3-runner",
            "network_interface": [
              {
                "access_config": [
                  {
                    "nat_ip": "34.129.21.229",
                    "network_tier": "PREMIUM",
                    "public_ptr_domain_name": ""
                  }
                ],
                "alias_ip_range": [],
                "name": "nic0",
                "network": "https://www.googleapis.com/compute/v1/projects/purwadhika-devops-kelas1/global/networks/vpc-devops-telkomsel-3",
                "network_ip": "10.2.0.2",
                "nic_type": "",
                "subnetwork": "https://www.googleapis.com/compute/v1/projects/purwadhika-devops-kelas1/regions/australia-southeast2/subnetworks/public-subnet-telkomsel-3",
                "subnetwork_project": "purwadhika-devops-kelas1"
              }
            ],
            "project": "purwadhika-devops-kelas1",
            "reservation_affinity": [],
            "resource_policies": null,
            "scheduling": [
              {
                "automatic_restart": true,
                "min_node_cpus": 0,
                "node_affinities": [],
                "on_host_maintenance": "MIGRATE",
                "preemptible": false
              }
            ],
            "scratch_disk": [],
            "self_link": "https://www.googleapis.com/compute/v1/projects/purwadhika-devops-kelas1/zones/australia-southeast2-a/instances/group3-runner",
            "service_account": [],
            "shielded_instance_config": [
              {
                "enable_integrity_monitoring": true,
                "enable_secure_boot": false,
                "enable_vtpm": true
              }
            ],
            "tags": [
              "runner",
              "server"
            ],
            "tags_fingerprint": "7Zv9IDc5ewU=",
            "timeouts": null,
            "zone": "australia-southeast2-a"
          },
          "sensitive_attributes": [],
          "private": "eyJlMmJmYjczMC1lY2FhLTExZTYtOGY4OC0zNDM2M2JjN2M0YzAiOnsiY3JlYXRlIjoxMjAwMDAwMDAwMDAwLCJkZWxldGUiOjEyMDAwMDAwMDAwMDAsInVwZGF0ZSI6MTIwMDAwMDAwMDAwMH0sInNjaGVtYV92ZXJzaW9uIjoiNiJ9",
          "dependencies": [
            "data.template_file.startup",
            "module.subnet.google_compute_subnetwork.subnet",
            "module.vpc_network.google_compute_network.vpc_network"
          ]
        }
      ]
    },
    {
      "module": "module.external_ip_reserve",
      "mode": "managed",
      "type": "google_compute_address",
      "name": "ip_address",
      "provider": "provider[\"registry.terraform.io/hashicorp/google\"]",
      "instances": [
        {
          "schema_version": 0,
          "attributes": {
            "address": "34.129.200.147",
            "address_type": "EXTERNAL",
            "creation_timestamp": "2021-08-12T01:10:22.848-07:00",
            "description": "",
            "id": "projects/purwadhika-devops-kelas1/regions/australia-southeast2/addresses/group3-external-ip",
            "name": "group3-external-ip",
            "network": "",
            "network_tier": "PREMIUM",
            "prefix_length": 0,
            "project": "purwadhika-devops-kelas1",
            "purpose": "",
            "region": "australia-southeast2",
            "self_link": "https://www.googleapis.com/compute/v1/projects/purwadhika-devops-kelas1/regions/australia-southeast2/addresses/group3-external-ip",
            "subnetwork": "",
            "timeouts": null,
            "users": []
          },
          "sensitive_attributes": [],
          "private": "eyJlMmJmYjczMC1lY2FhLTExZTYtOGY4OC0zNDM2M2JjN2M0YzAiOnsiY3JlYXRlIjoyNDAwMDAwMDAwMDAsImRlbGV0ZSI6MjQwMDAwMDAwMDAwfX0="
        }
      ]
    },
    {
      "module": "module.node_pool",
      "mode": "managed",
      "type": "google_container_node_pool",
      "name": "node_pool",
      "provider": "provider[\"registry.terraform.io/hashicorp/google\"]",
      "instances": []
    },
    {
      "module": "module.subnet",
      "mode": "managed",
      "type": "google_compute_subnetwork",
      "name": "subnet",
      "provider": "provider[\"registry.terraform.io/hashicorp/google\"]",
      "instances": [
        {
          "schema_version": 0,
          "attributes": {
            "creation_timestamp": "2021-08-12T01:10:34.854-07:00",
            "description": "public subnet group 3",
            "fingerprint": null,
            "gateway_address": "10.2.0.1",
            "id": "projects/purwadhika-devops-kelas1/regions/australia-southeast2/subnetworks/public-subnet-telkomsel-3",
            "ip_cidr_range": "10.2.0.0/16",
            "log_config": [],
            "name": "public-subnet-telkomsel-3",
            "network": "https://www.googleapis.com/compute/v1/projects/purwadhika-devops-kelas1/global/networks/vpc-devops-telkomsel-3",
            "private_ip_google_access": true,
            "private_ipv6_google_access": "DISABLE_GOOGLE_ACCESS",
            "project": "purwadhika-devops-kelas1",
            "region": "australia-southeast2",
            "secondary_ip_range": [
              {
                "ip_cidr_range": "10.10.20.0/24",
                "range_name": "secondary-subnet-telkomsel-3"
              }
            ],
            "self_link": "https://www.googleapis.com/compute/v1/projects/purwadhika-devops-kelas1/regions/australia-southeast2/subnetworks/public-subnet-telkomsel-3",
            "timeouts": null
          },
          "sensitive_attributes": [],
          "private": "eyJlMmJmYjczMC1lY2FhLTExZTYtOGY4OC0zNDM2M2JjN2M0YzAiOnsiY3JlYXRlIjozNjAwMDAwMDAwMDAsImRlbGV0ZSI6MzYwMDAwMDAwMDAwLCJ1cGRhdGUiOjM2MDAwMDAwMDAwMH19",
          "dependencies": [
            "module.vpc_network.google_compute_network.vpc_network"
          ]
        }
      ]
    },
    {
      "module": "module.vpc_network",
      "mode": "managed",
      "type": "google_compute_firewall",
      "name": "default",
      "provider": "provider[\"registry.terraform.io/hashicorp/google\"]",
      "instances": [
        {
          "schema_version": 1,
          "attributes": {
            "allow": [
              {
                "ports": [
                  "22",
                  "80",
                  "8080",
                  "1000-2000"
                ],
                "protocol": "tcp"
              },
              {
                "ports": [],
                "protocol": "icmp"
              }
            ],
            "creation_timestamp": "2021-08-12T01:10:34.850-07:00",
            "deny": [],
            "description": "",
            "destination_ranges": [],
            "direction": "INGRESS",
            "disabled": false,
            "enable_logging": null,
            "id": "projects/purwadhika-devops-kelas1/global/firewalls/test-firewall",
            "log_config": [],
            "name": "test-firewall",
            "network": "https://www.googleapis.com/compute/v1/projects/purwadhika-devops-kelas1/global/networks/vpc-devops-telkomsel-3",
            "priority": 1000,
            "project": "purwadhika-devops-kelas1",
            "self_link": "https://www.googleapis.com/compute/v1/projects/purwadhika-devops-kelas1/global/firewalls/test-firewall",
            "source_ranges": [
              "0.0.0.0/0"
            ],
            "source_service_accounts": null,
            "source_tags": null,
            "target_service_accounts": null,
            "target_tags": null,
            "timeouts": null
          },
          "sensitive_attributes": [],
          "private": "eyJlMmJmYjczMC1lY2FhLTExZTYtOGY4OC0zNDM2M2JjN2M0YzAiOnsiY3JlYXRlIjoyNDAwMDAwMDAwMDAsImRlbGV0ZSI6MjQwMDAwMDAwMDAwLCJ1cGRhdGUiOjI0MDAwMDAwMDAwMH0sInNjaGVtYV92ZXJzaW9uIjoiMSJ9",
          "dependencies": [
            "module.vpc_network.google_compute_network.vpc_network"
          ]
        }
      ]
    },
    {
      "module": "module.vpc_network",
      "mode": "managed",
      "type": "google_compute_network",
      "name": "vpc_network",
      "provider": "provider[\"registry.terraform.io/hashicorp/google\"]",
      "instances": [
        {
          "schema_version": 0,
          "attributes": {
            "auto_create_subnetworks": false,
            "delete_default_routes_on_create": false,
            "description": "VPC telkomsel group 3",
            "gateway_ipv4": "",
            "id": "projects/purwadhika-devops-kelas1/global/networks/vpc-devops-telkomsel-3",
            "mtu": 1500,
            "name": "vpc-devops-telkomsel-3",
            "project": "purwadhika-devops-kelas1",
            "routing_mode": "REGIONAL",
            "self_link": "https://www.googleapis.com/compute/v1/projects/purwadhika-devops-kelas1/global/networks/vpc-devops-telkomsel-3",
            "timeouts": null
          },
          "sensitive_attributes": [],
          "private": "eyJlMmJmYjczMC1lY2FhLTExZTYtOGY4OC0zNDM2M2JjN2M0YzAiOnsiY3JlYXRlIjoyNDAwMDAwMDAwMDAsImRlbGV0ZSI6MjQwMDAwMDAwMDAwLCJ1cGRhdGUiOjI0MDAwMDAwMDAwMH19"
        }
      ]
    }
  ]
}
