{
  "version": 4,
  "terraform_version": "1.0.4",
  "serial": 103,
  "lineage": "49eaabc7-c926-5521-bc0f-e59b74cd0018",
  "outputs": {},
  "resources": [
    {
      "mode": "data",
      "type": "template_file",
      "name": "startup",
      "provider": "provider[\"registry.terraform.io/hashicorp/template\"]",
      "instances": [
        {
          "schema_version": 0,
          "attributes": {
            "filename": null,
            "id": "df20e0aac18be7ebf3dff2f10d6f4fb6b459895d7ee562dba9f39dca5693ff44",
            "rendered": "#! /bin/bash\n\nsudo apt update -y\nsudo apt upgrade -y\nsnap install google-cloud-sdk --classic -y\nsudo apt install unzip -y\ncurl -O https://releases.hashicorp.com/terraform/1.0.4/terraform_1.0.4_linux_amd64.zip\nunzip terraform_1.0.4_linux_amd64.zip\nsudo mv terraform /usr/local/bin/\ncurl -LO \"https://dl.k8s.io/release/$(curl -L -s https://dl.k8s.io/release/stable.txt)/bin/linux/amd64/kubectl\"\ncurl -LO \"https://dl.k8s.io/$(curl -L -s https://dl.k8s.io/release/stable.txt)/bin/linux/amd64/kubectl.sha256\"\necho \"$(\u003ckubectl.sha256) kubectl\" | sha256sum --check\nsudo install -o root -g root -m 0755 kubectl /usr/local/bin/kubectl\ngcloud container clusters get-credentials devops-telkomsel-3 --zone australia-southeast2-a --project purwadhika-devops-kelas1\nsudo cat ~/.kube/config\n",
            "template": "#! /bin/bash\n\nsudo apt update -y\nsudo apt upgrade -y\nsnap install google-cloud-sdk --classic -y\nsudo apt install unzip -y\ncurl -O https://releases.hashicorp.com/terraform/1.0.4/terraform_1.0.4_linux_amd64.zip\nunzip terraform_1.0.4_linux_amd64.zip\nsudo mv terraform /usr/local/bin/\ncurl -LO \"https://dl.k8s.io/release/$(curl -L -s https://dl.k8s.io/release/stable.txt)/bin/linux/amd64/kubectl\"\ncurl -LO \"https://dl.k8s.io/$(curl -L -s https://dl.k8s.io/release/stable.txt)/bin/linux/amd64/kubectl.sha256\"\necho \"$(\u003ckubectl.sha256) kubectl\" | sha256sum --check\nsudo install -o root -g root -m 0755 kubectl /usr/local/bin/kubectl\ngcloud container clusters get-credentials devops-telkomsel-3 --zone australia-southeast2-a --project purwadhika-devops-kelas1\nsudo cat ~/.kube/config\n",
            "vars": null
          },
          "sensitive_attributes": []
        }
      ]
    },
    {
      "module": "module.compute_engine",
      "mode": "managed",
      "type": "google_compute_instance",
      "name": "instance",
      "provider": "provider[\"registry.terraform.io/hashicorp/google\"]",
      "instances": [
        {
          "schema_version": 6,
          "attributes": {
            "advanced_machine_features": [],
            "allow_stopping_for_update": true,
            "attached_disk": [],
            "boot_disk": [
              {
                "auto_delete": true,
                "device_name": "persistent-disk-0",
                "disk_encryption_key_raw": "",
                "disk_encryption_key_sha256": "",
                "initialize_params": [
                  {
                    "image": "https://www.googleapis.com/compute/v1/projects/ubuntu-os-cloud/global/images/ubuntu-minimal-2004-focal-v20210720",
                    "labels": {},
                    "size": 10,
                    "type": "pd-standard"
                  }
                ],
                "kms_key_self_link": "",
                "mode": "READ_WRITE",
                "source": "https://www.googleapis.com/compute/v1/projects/purwadhika-devops-kelas1/zones/australia-southeast2-a/disks/group3-runner"
              }
            ],
            "can_ip_forward": false,
            "confidential_instance_config": [],
            "cpu_platform": "Intel Broadwell",
            "current_status": "RUNNING",
            "deletion_protection": false,
            "description": "",
            "desired_status": null,
            "enable_display": false,
            "guest_accelerator": [],
            "hostname": "",
            "id": "projects/purwadhika-devops-kelas1/zones/australia-southeast2-a/instances/group3-runner",
            "instance_id": "5675323393914268017",
            "label_fingerprint": "42WmSpB8rSM=",
            "labels": {},
            "machine_type": "e2-medium",
            "metadata": {},
            "metadata_fingerprint": "kwqo9kOilX0=",
            "metadata_startup_script": "#! /bin/bash\n\nsudo apt update -y\nsudo apt upgrade -y\nsnap install google-cloud-sdk --classic -y\nsudo apt install unzip -y\ncurl -O https://releases.hashicorp.com/terraform/1.0.4/terraform_1.0.4_linux_amd64.zip\nunzip terraform_1.0.4_linux_amd64.zip\nsudo mv terraform /usr/local/bin/\ncurl -LO \"https://dl.k8s.io/release/$(curl -L -s https://dl.k8s.io/release/stable.txt)/bin/linux/amd64/kubectl\"\ncurl -LO \"https://dl.k8s.io/$(curl -L -s https://dl.k8s.io/release/stable.txt)/bin/linux/amd64/kubectl.sha256\"\necho \"$(\u003ckubectl.sha256) kubectl\" | sha256sum --check\nsudo install -o root -g root -m 0755 kubectl /usr/local/bin/kubectl\ngcloud container clusters get-credentials devops-telkomsel-3 --zone australia-southeast2-a --project purwadhika-devops-kelas1\nsudo cat ~/.kube/config\n",
            "min_cpu_platform": "",
            "name": "group3-runner",
            "network_interface": [
              {
                "access_config": [
                  {
                    "nat_ip": "34.129.21.229",
                    "network_tier": "PREMIUM",
                    "public_ptr_domain_name": ""
                  }
                ],
                "alias_ip_range": [],
                "name": "nic0",
                "network": "https://www.googleapis.com/compute/v1/projects/purwadhika-devops-kelas1/global/networks/vpc-devops-telkomsel-3",
                "network_ip": "10.2.0.2",
                "nic_type": "",
                "subnetwork": "https://www.googleapis.com/compute/v1/projects/purwadhika-devops-kelas1/regions/australia-southeast2/subnetworks/public-subnet-telkomsel-3",
                "subnetwork_project": "purwadhika-devops-kelas1"
              }
            ],
            "project": "purwadhika-devops-kelas1",
            "reservation_affinity": [],
            "resource_policies": [],
            "scheduling": [
              {
                "automatic_restart": true,
                "min_node_cpus": 0,
                "node_affinities": [],
                "on_host_maintenance": "MIGRATE",
                "preemptible": false
              }
            ],
            "scratch_disk": [],
            "self_link": "https://www.googleapis.com/compute/v1/projects/purwadhika-devops-kelas1/zones/australia-southeast2-a/instances/group3-runner",
            "service_account": [],
            "shielded_instance_config": [
              {
                "enable_integrity_monitoring": true,
                "enable_secure_boot": false,
                "enable_vtpm": true
              }
            ],
            "tags": [
              "runner",
              "server"
            ],
            "tags_fingerprint": "7Zv9IDc5ewU=",
            "timeouts": null,
            "zone": "australia-southeast2-a"
          },
          "sensitive_attributes": [],
          "private": "eyJlMmJmYjczMC1lY2FhLTExZTYtOGY4OC0zNDM2M2JjN2M0YzAiOnsiY3JlYXRlIjoxMjAwMDAwMDAwMDAwLCJkZWxldGUiOjEyMDAwMDAwMDAwMDAsInVwZGF0ZSI6MTIwMDAwMDAwMDAwMH0sInNjaGVtYV92ZXJzaW9uIjoiNiJ9",
          "dependencies": [
            "data.template_file.startup",
            "module.subnet.google_compute_subnetwork.subnet",
            "module.vpc_network.google_compute_network.vpc_network"
          ]
        }
      ]
    },
    {
      "module": "module.external_ip_reserve",
      "mode": "managed",
      "type": "google_compute_address",
      "name": "ip_address",
      "provider": "provider[\"registry.terraform.io/hashicorp/google\"]",
      "instances": [
        {
          "schema_version": 0,
          "attributes": {
            "address": "34.129.200.147",
            "address_type": "EXTERNAL",
            "creation_timestamp": "2021-08-12T01:10:22.848-07:00",
            "description": "",
            "id": "projects/purwadhika-devops-kelas1/regions/australia-southeast2/addresses/group3-external-ip",
            "name": "group3-external-ip",
            "network": "",
            "network_tier": "PREMIUM",
            "prefix_length": 0,
            "project": "purwadhika-devops-kelas1",
            "purpose": "",
            "region": "australia-southeast2",
            "self_link": "https://www.googleapis.com/compute/v1/projects/purwadhika-devops-kelas1/regions/australia-southeast2/addresses/group3-external-ip",
            "subnetwork": "",
            "timeouts": null,
            "users": []
          },
          "sensitive_attributes": [],
          "private": "eyJlMmJmYjczMC1lY2FhLTExZTYtOGY4OC0zNDM2M2JjN2M0YzAiOnsiY3JlYXRlIjoyNDAwMDAwMDAwMDAsImRlbGV0ZSI6MjQwMDAwMDAwMDAwfX0="
        }
      ]
    },
    {
      "module": "module.gke_cluster",
      "mode": "managed",
      "type": "google_container_cluster",
      "name": "gke_cluster",
      "provider": "provider[\"registry.terraform.io/hashicorp/google\"]",
      "instances": [
        {
          "schema_version": 1,
          "attributes": {
            "addons_config": [
              {
                "cloudrun_config": [],
                "horizontal_pod_autoscaling": [],
                "http_load_balancing": [],
                "network_policy_config": [
                  {
                    "disabled": true
                  }
                ]
              }
            ],
            "authenticator_groups_config": [],
            "cluster_autoscaling": [
              {
                "auto_provisioning_defaults": [],
                "enabled": false,
                "resource_limits": []
              }
            ],
            "cluster_ipv4_cidr": "10.192.0.0/14",
            "database_encryption": [
              {
                "key_name": "",
                "state": "DECRYPTED"
              }
            ],
            "datapath_provider": "",
            "default_max_pods_per_node": 110,
            "default_snat_status": [
              {
                "disabled": false
              }
            ],
            "description": "",
            "enable_autopilot": false,
            "enable_binary_authorization": false,
            "enable_intranode_visibility": false,
            "enable_kubernetes_alpha": false,
            "enable_legacy_abac": false,
            "enable_shielded_nodes": false,
            "enable_tpu": false,
            "endpoint": "34.129.190.36",
            "id": "projects/purwadhika-devops-kelas1/locations/australia-southeast2-a/clusters/devops-telkomsel-3",
            "initial_node_count": 2,
            "instance_group_urls": [],
            "ip_allocation_policy": [
              {
                "cluster_ipv4_cidr_block": "10.192.0.0/14",
                "cluster_secondary_range_name": "gke-devops-telkomsel-3-pods-5cef681e",
                "services_ipv4_cidr_block": "10.196.0.0/20",
                "services_secondary_range_name": "gke-devops-telkomsel-3-services-5cef681e"
              }
            ],
            "label_fingerprint": "a9dc16a7",
            "location": "australia-southeast2-a",
            "logging_service": "logging.googleapis.com/kubernetes",
            "maintenance_policy": [],
            "master_auth": [
              {
                "client_certificate": "",
                "client_certificate_config": [
                  {
                    "issue_client_certificate": false
                  }
                ],
                "client_key": "",
                "cluster_ca_certificate": "LS0tLS1CRUdJTiBDRVJUSUZJQ0FURS0tLS0tCk1JSURLekNDQWhPZ0F3SUJBZ0lSQUlYcWpxSE1hbENiQWZJZVErckhUcjB3RFFZSktvWklodmNOQVFFTEJRQXcKTHpFdE1Dc0dBMVVFQXhNa09XRTROREprWWpFdE1UUm1ZUzAwWVRVNUxXRXpOemt0Tnpaa1pHTXdNV0V6TXpCaApNQjRYRFRJeE1EZ3hNakEzTkRVMU5Wb1hEVEkyTURneE1UQTRORFUxTlZvd0x6RXRNQ3NHQTFVRUF4TWtPV0U0Ck5ESmtZakV0TVRSbVlTMDBZVFU1TFdFek56a3ROelprWkdNd01XRXpNekJoTUlJQklqQU5CZ2txaGtpRzl3MEIKQVFFRkFBT0NBUThBTUlJQkNnS0NBUUVBMUZFOTl5OWtaTWprUzV2aERIbXdCcmMvbFpXenJZVE1RZzRTYjNPSgp1MCtRSFpvb3dnRlFZdVhpYWh3a2hNWHR3SWY4ZGFJM1UxWDFrcFVHOWlzMW43T01sWDBCSE1Kd1BnL0J6aXJQCm9MYTl6UU0xQ2xOaXJUVDQrMGtxVndOUmZOUm1PQlJDVmp3UmtrSVE1TXJ5aTQ4NkhkNkxNd0treUZyeFVQdFgKRmtiQzBPaFBvbE55Qm5nZHFCZGI2RnJsL2h6WjFXNktyWFlWNjg5ajArRVFHVXFkMTV0KzZGcUJIMUF3ZW1EZQpFUFR0QmswSjdSNnJUNXFHOGNSQmYxTVh1T3QrZE1nQlRtdDQyTks5eFBCYy9BZmZiSkdaNzNCTjhoSHplb0xnCmF2R291enFxSm9CT0x4c0tKRjA2czFuVU9EeEVwNEhSMWpIZitQbUJOb1hMd3dJREFRQUJvMEl3UURBT0JnTlYKSFE4QkFmOEVCQU1DQWdRd0R3WURWUjBUQVFIL0JBVXdBd0VCL3pBZEJnTlZIUTRFRmdRVUprTWRPbkxJQUZWUApiRElYUXlKbFpwMVF1dHN3RFFZSktvWklodmNOQVFFTEJRQURnZ0VCQUhsTDR3ekwvUkR5R2hIWHpVaTA5MXM0CmVGa1B6ZWVkTjc4N245UGVrSUlVdHE4VHFlN3Awbmk0ZjVGTGxFbXRUdHdoZHMzVlllQTF2dTVZOFQ2VEczM3EKWXgyTy9mZGFMU0puZGVtdHE1N2lLT3huVXBiOTRXSXJSNWdiZmJrZU8xNmk5OGlyaHVQTk13T1lpcEhjeEhtYwpzZU5SRnZuN054TmVwejZnMy92NzNiSUJaZHZJTTZqa21vTDlJUkpOM21BWGlBcURWNkZYSDVCYkdxb3UzejJwCk5oSzh5Y2J3RlI3RzFGcWFpMFh2Rk5nY21HODNDdTJZVlhOWXJkSHdiQVk5U0xrOE0xQ1B2clVRSkpsemJaMFoKMXFKYlhJL0hvTXVCNGMxTFcwSVNrL0h4djQ2TWJ1Z01iSFp6QkxPaHlyaFhvU0dkRG14Ym5GWjVENzVLRmZjPQotLS0tLUVORCBDRVJUSUZJQ0FURS0tLS0tCg==",
                "password": "",
                "username": ""
              }
            ],
            "master_authorized_networks_config": [],
            "master_version": "1.20.8-gke.900",
            "min_master_version": null,
            "monitoring_service": "monitoring.googleapis.com/kubernetes",
            "name": "devops-telkomsel-3",
            "network": "projects/purwadhika-devops-kelas1/global/networks/vpc-devops-telkomsel-3",
            "network_policy": [
              {
                "enabled": false,
                "provider": "PROVIDER_UNSPECIFIED"
              }
            ],
            "networking_mode": "VPC_NATIVE",
            "node_config": [],
            "node_locations": [],
            "node_pool": [],
            "node_version": "1.20.8-gke.900",
            "operation": null,
            "pod_security_policy_config": [],
            "private_cluster_config": [
              {
                "enable_private_endpoint": false,
                "enable_private_nodes": true,
                "master_global_access_config": [
                  {
                    "enabled": false
                  }
                ],
                "master_ipv4_cidr_block": "172.16.10.0/28",
                "peering_name": "gke-nc51865785b77b78c7ad-9df8-6682-peer",
                "private_endpoint": "172.16.10.2",
                "public_endpoint": "34.129.190.36"
              }
            ],
            "private_ipv6_google_access": "",
            "project": "purwadhika-devops-kelas1",
            "release_channel": [
              {
                "channel": "REGULAR"
              }
            ],
            "remove_default_node_pool": true,
            "resource_labels": null,
            "resource_usage_export_config": [],
            "self_link": "https://container.googleapis.com/v1beta1/projects/purwadhika-devops-kelas1/zones/australia-southeast2-a/clusters/devops-telkomsel-3",
            "services_ipv4_cidr": "10.196.0.0/20",
            "subnetwork": "projects/purwadhika-devops-kelas1/regions/australia-southeast2/subnetworks/public-subnet-telkomsel-3",
            "timeouts": null,
            "tpu_ipv4_cidr_block": "",
            "vertical_pod_autoscaling": [],
            "workload_identity_config": []
          },
          "sensitive_attributes": [],
          "private": "eyJlMmJmYjczMC1lY2FhLTExZTYtOGY4OC0zNDM2M2JjN2M0YzAiOnsiY3JlYXRlIjoyNDAwMDAwMDAwMDAwLCJkZWxldGUiOjI0MDAwMDAwMDAwMDAsInJlYWQiOjI0MDAwMDAwMDAwMDAsInVwZGF0ZSI6MzYwMDAwMDAwMDAwMH0sInNjaGVtYV92ZXJzaW9uIjoiMSJ9",
          "dependencies": [
            "module.subnet.google_compute_subnetwork.subnet",
            "module.vpc_network.google_compute_network.vpc_network"
          ]
        }
      ]
    },
    {
      "module": "module.node_pool",
      "mode": "managed",
      "type": "google_container_node_pool",
      "name": "node_pool",
      "provider": "provider[\"registry.terraform.io/hashicorp/google\"]",
      "instances": [
        {
          "schema_version": 1,
          "attributes": {
            "autoscaling": [
              {
                "max_node_count": 4,
                "min_node_count": 2
              }
            ],
            "cluster": "projects/purwadhika-devops-kelas1/locations/australia-southeast2-a/clusters/devops-telkomsel-3",
            "id": "projects/purwadhika-devops-kelas1/locations/australia-southeast2-a/clusters/devops-telkomsel-3/nodePools/devops-telkomsel-3node-pool",
            "initial_node_count": 2,
            "instance_group_urls": [
              "https://www.googleapis.com/compute/v1/projects/purwadhika-devops-kelas1/zones/australia-southeast2-a/instanceGroupManagers/gke-devops-telkomsel-devops-telkomsel-7d3f70de-grp"
            ],
            "location": "australia-southeast2-a",
            "management": [
              {
                "auto_repair": true,
                "auto_upgrade": true
              }
            ],
            "max_pods_per_node": 110,
            "name": "devops-telkomsel-3node-pool",
            "name_prefix": "",
            "node_config": [
              {
                "disk_size_gb": 100,
                "disk_type": "pd-standard",
                "guest_accelerator": [],
                "image_type": "COS_CONTAINERD",
                "labels": {},
                "local_ssd_count": 0,
                "machine_type": "e2-medium",
                "metadata": {
                  "disable-legacy-endpoints": "true"
                },
                "min_cpu_platform": "",
                "oauth_scopes": [
                  "https://www.googleapis.com/auth/logging.write",
                  "https://www.googleapis.com/auth/monitoring"
                ],
                "preemptible": true,
                "service_account": "default",
                "shielded_instance_config": [
                  {
                    "enable_integrity_monitoring": true,
                    "enable_secure_boot": false
                  }
                ],
                "tags": null,
                "taint": [],
                "workload_metadata_config": []
              }
            ],
            "node_count": 2,
            "node_locations": [
              "australia-southeast2-a"
            ],
            "operation": null,
            "project": "purwadhika-devops-kelas1",
            "timeouts": null,
            "upgrade_settings": [
              {
                "max_surge": 1,
                "max_unavailable": 0
              }
            ],
            "version": "1.20.8-gke.900"
          },
          "sensitive_attributes": [],
          "private": "eyJlMmJmYjczMC1lY2FhLTExZTYtOGY4OC0zNDM2M2JjN2M0YzAiOnsiY3JlYXRlIjoxODAwMDAwMDAwMDAwLCJkZWxldGUiOjE4MDAwMDAwMDAwMDAsInVwZGF0ZSI6MTgwMDAwMDAwMDAwMH0sInNjaGVtYV92ZXJzaW9uIjoiMSJ9",
          "dependencies": [
            "module.gke_cluster.google_container_cluster.gke_cluster",
            "module.subnet.google_compute_subnetwork.subnet",
            "module.vpc_network.google_compute_network.vpc_network"
          ]
        }
      ]
    },
    {
      "module": "module.subnet",
      "mode": "managed",
      "type": "google_compute_subnetwork",
      "name": "subnet",
      "provider": "provider[\"registry.terraform.io/hashicorp/google\"]",
      "instances": [
        {
          "schema_version": 0,
          "attributes": {
            "creation_timestamp": "2021-08-12T01:10:34.854-07:00",
            "description": "public subnet group 3",
            "fingerprint": null,
            "gateway_address": "10.2.0.1",
            "id": "projects/purwadhika-devops-kelas1/regions/australia-southeast2/subnetworks/public-subnet-telkomsel-3",
            "ip_cidr_range": "10.2.0.0/16",
            "log_config": [],
            "name": "public-subnet-telkomsel-3",
            "network": "https://www.googleapis.com/compute/v1/projects/purwadhika-devops-kelas1/global/networks/vpc-devops-telkomsel-3",
            "private_ip_google_access": true,
            "private_ipv6_google_access": "DISABLE_GOOGLE_ACCESS",
            "project": "purwadhika-devops-kelas1",
            "region": "australia-southeast2",
            "secondary_ip_range": [
              {
                "ip_cidr_range": "10.10.20.0/24",
                "range_name": "secondary-subnet-telkomsel-3"
              }
            ],
            "self_link": "https://www.googleapis.com/compute/v1/projects/purwadhika-devops-kelas1/regions/australia-southeast2/subnetworks/public-subnet-telkomsel-3",
            "timeouts": null
          },
          "sensitive_attributes": [],
          "private": "eyJlMmJmYjczMC1lY2FhLTExZTYtOGY4OC0zNDM2M2JjN2M0YzAiOnsiY3JlYXRlIjozNjAwMDAwMDAwMDAsImRlbGV0ZSI6MzYwMDAwMDAwMDAwLCJ1cGRhdGUiOjM2MDAwMDAwMDAwMH19",
          "dependencies": [
            "module.vpc_network.google_compute_network.vpc_network"
          ]
        }
      ]
    },
    {
      "module": "module.vpc_network",
      "mode": "managed",
      "type": "google_compute_firewall",
      "name": "default",
      "provider": "provider[\"registry.terraform.io/hashicorp/google\"]",
      "instances": [
        {
          "schema_version": 1,
          "attributes": {
            "allow": [
              {
                "ports": [
                  "22",
                  "80",
                  "8080",
                  "1000-2000"
                ],
                "protocol": "tcp"
              },
              {
                "ports": [],
                "protocol": "icmp"
              }
            ],
            "creation_timestamp": "2021-08-12T01:10:34.850-07:00",
            "deny": [],
            "description": "",
            "destination_ranges": [],
            "direction": "INGRESS",
            "disabled": false,
            "enable_logging": null,
            "id": "projects/purwadhika-devops-kelas1/global/firewalls/test-firewall",
            "log_config": [],
            "name": "test-firewall",
            "network": "https://www.googleapis.com/compute/v1/projects/purwadhika-devops-kelas1/global/networks/vpc-devops-telkomsel-3",
            "priority": 1000,
            "project": "purwadhika-devops-kelas1",
            "self_link": "https://www.googleapis.com/compute/v1/projects/purwadhika-devops-kelas1/global/firewalls/test-firewall",
            "source_ranges": [
              "0.0.0.0/0"
            ],
            "source_service_accounts": [],
            "source_tags": [],
            "target_service_accounts": [],
            "target_tags": [],
            "timeouts": null
          },
          "sensitive_attributes": [],
          "private": "eyJlMmJmYjczMC1lY2FhLTExZTYtOGY4OC0zNDM2M2JjN2M0YzAiOnsiY3JlYXRlIjoyNDAwMDAwMDAwMDAsImRlbGV0ZSI6MjQwMDAwMDAwMDAwLCJ1cGRhdGUiOjI0MDAwMDAwMDAwMH0sInNjaGVtYV92ZXJzaW9uIjoiMSJ9",
          "dependencies": [
            "module.vpc_network.google_compute_network.vpc_network"
          ]
        }
      ]
    },
    {
      "module": "module.vpc_network",
      "mode": "managed",
      "type": "google_compute_network",
      "name": "vpc_network",
      "provider": "provider[\"registry.terraform.io/hashicorp/google\"]",
      "instances": [
        {
          "schema_version": 0,
          "attributes": {
            "auto_create_subnetworks": false,
            "delete_default_routes_on_create": false,
            "description": "VPC telkomsel group 3",
            "gateway_ipv4": "",
            "id": "projects/purwadhika-devops-kelas1/global/networks/vpc-devops-telkomsel-3",
            "mtu": 1500,
            "name": "vpc-devops-telkomsel-3",
            "project": "purwadhika-devops-kelas1",
            "routing_mode": "REGIONAL",
            "self_link": "https://www.googleapis.com/compute/v1/projects/purwadhika-devops-kelas1/global/networks/vpc-devops-telkomsel-3",
            "timeouts": null
          },
          "sensitive_attributes": [],
          "private": "eyJlMmJmYjczMC1lY2FhLTExZTYtOGY4OC0zNDM2M2JjN2M0YzAiOnsiY3JlYXRlIjoyNDAwMDAwMDAwMDAsImRlbGV0ZSI6MjQwMDAwMDAwMDAwLCJ1cGRhdGUiOjI0MDAwMDAwMDAwMH19"
        }
      ]
    }
  ]
}
